// !$*UTF8*$!
{
	archiveVersion = 1;
	classes = {
	};
	objectVersion = 56;
	objects = {

/* Begin PBXBuildFile section */
		3D4BBE022B3F73CC00E20C65 /* AppBaseApp.swift in Sources */ = {isa = PBXBuildFile; fileRef = 3D4BBE012B3F73CC00E20C65 /* AppBaseApp.swift */; };
		3D4BBE042B3F73CC00E20C65 /* ContentView.swift in Sources */ = {isa = PBXBuildFile; fileRef = 3D4BBE032B3F73CC00E20C65 /* ContentView.swift */; };
		3D4BBE062B3F73CD00E20C65 /* Assets.xcassets in Resources */ = {isa = PBXBuildFile; fileRef = 3D4BBE052B3F73CD00E20C65 /* Assets.xcassets */; };
		3D4BBE0A2B3F73CD00E20C65 /* Preview Assets.xcassets in Resources */ = {isa = PBXBuildFile; fileRef = 3D4BBE092B3F73CD00E20C65 /* Preview Assets.xcassets */; };
		3D4BBE142B3F73CD00E20C65 /* AppBaseTests.swift in Sources */ = {isa = PBXBuildFile; fileRef = 3D4BBE132B3F73CD00E20C65 /* AppBaseTests.swift */; };
		3D4BBE1E2B3F73CD00E20C65 /* AppBaseUITests.swift in Sources */ = {isa = PBXBuildFile; fileRef = 3D4BBE1D2B3F73CD00E20C65 /* AppBaseUITests.swift */; };
		3D4BBE202B3F73CD00E20C65 /* AppBaseUITestsLaunchTests.swift in Sources */ = {isa = PBXBuildFile; fileRef = 3D4BBE1F2B3F73CD00E20C65 /* AppBaseUITestsLaunchTests.swift */; };
/* End PBXBuildFile section */

/* Begin PBXContainerItemProxy section */
		3D4BBE102B3F73CD00E20C65 /* PBXContainerItemProxy */ = {
			isa = PBXContainerItemProxy;
			containerPortal = 3D4BBDF62B3F73CC00E20C65 /* Project object */;
			proxyType = 1;
			remoteGlobalIDString = 3D4BBDFD2B3F73CC00E20C65;
			remoteInfo = AppBase;
		};
		3D4BBE1A2B3F73CD00E20C65 /* PBXContainerItemProxy */ = {
			isa = PBXContainerItemProxy;
			containerPortal = 3D4BBDF62B3F73CC00E20C65 /* Project object */;
			proxyType = 1;
			remoteGlobalIDString = 3D4BBDFD2B3F73CC00E20C65;
			remoteInfo = AppBase;
		};
/* End PBXContainerItemProxy section */

/* Begin PBXFileReference section */
		3D4BBDFE2B3F73CC00E20C65 /* AppBase.app */ = {isa = PBXFileReference; explicitFileType = wrapper.application; includeInIndex = 0; path = AppBase.app; sourceTree = BUILT_PRODUCTS_DIR; };
		3D4BBE012B3F73CC00E20C65 /* AppBaseApp.swift */ = {isa = PBXFileReference; lastKnownFileType = sourcecode.swift; path = AppBaseApp.swift; sourceTree = "<group>"; };
		3D4BBE032B3F73CC00E20C65 /* ContentView.swift */ = {isa = PBXFileReference; lastKnownFileType = sourcecode.swift; path = ContentView.swift; sourceTree = "<group>"; };
		3D4BBE052B3F73CD00E20C65 /* Assets.xcassets */ = {isa = PBXFileReference; lastKnownFileType = folder.assetcatalog; path = Assets.xcassets; sourceTree = "<group>"; };
		3D4BBE072B3F73CD00E20C65 /* AppBase.entitlements */ = {isa = PBXFileReference; lastKnownFileType = text.plist.entitlements; path = AppBase.entitlements; sourceTree = "<group>"; };
		3D4BBE092B3F73CD00E20C65 /* Preview Assets.xcassets */ = {isa = PBXFileReference; lastKnownFileType = folder.assetcatalog; path = "Preview Assets.xcassets"; sourceTree = "<group>"; };
		3D4BBE0F2B3F73CD00E20C65 /* AppBaseTests.xctest */ = {isa = PBXFileReference; explicitFileType = wrapper.cfbundle; includeInIndex = 0; path = AppBaseTests.xctest; sourceTree = BUILT_PRODUCTS_DIR; };
		3D4BBE132B3F73CD00E20C65 /* AppBaseTests.swift */ = {isa = PBXFileReference; lastKnownFileType = sourcecode.swift; path = AppBaseTests.swift; sourceTree = "<group>"; };
		3D4BBE192B3F73CD00E20C65 /* AppBaseUITests.xctest */ = {isa = PBXFileReference; explicitFileType = wrapper.cfbundle; includeInIndex = 0; path = AppBaseUITests.xctest; sourceTree = BUILT_PRODUCTS_DIR; };
		3D4BBE1D2B3F73CD00E20C65 /* AppBaseUITests.swift */ = {isa = PBXFileReference; lastKnownFileType = sourcecode.swift; path = AppBaseUITests.swift; sourceTree = "<group>"; };
		3D4BBE1F2B3F73CD00E20C65 /* AppBaseUITestsLaunchTests.swift */ = {isa = PBXFileReference; lastKnownFileType = sourcecode.swift; path = AppBaseUITestsLaunchTests.swift; sourceTree = "<group>"; };
/* End PBXFileReference section */

/* Begin PBXFrameworksBuildPhase section */
		3D4BBDFB2B3F73CC00E20C65 /* Frameworks */ = {
			isa = PBXFrameworksBuildPhase;
			buildActionMask = 2147483647;
			files = (
			);
			runOnlyForDeploymentPostprocessing = 0;
		};
		3D4BBE0C2B3F73CD00E20C65 /* Frameworks */ = {
			isa = PBXFrameworksBuildPhase;
			buildActionMask = 2147483647;
			files = (
			);
			runOnlyForDeploymentPostprocessing = 0;
		};
		3D4BBE162B3F73CD00E20C65 /* Frameworks */ = {
			isa = PBXFrameworksBuildPhase;
			buildActionMask = 2147483647;
			files = (
			);
			runOnlyForDeploymentPostprocessing = 0;
		};
/* End PBXFrameworksBuildPhase section */

/* Begin PBXGroup section */
		3D4BBDF52B3F73CC00E20C65 = {
			isa = PBXGroup;
			children = (
				3D4BBE002B3F73CC00E20C65 /* AppBase */,
				3D4BBE122B3F73CD00E20C65 /* AppBaseTests */,
				3D4BBE1C2B3F73CD00E20C65 /* AppBaseUITests */,
				3D4BBDFF2B3F73CC00E20C65 /* Products */,
			);
			sourceTree = "<group>";
		};
		3D4BBDFF2B3F73CC00E20C65 /* Products */ = {
			isa = PBXGroup;
			children = (
				3D4BBDFE2B3F73CC00E20C65 /* AppBase.app */,
				3D4BBE0F2B3F73CD00E20C65 /* AppBaseTests.xctest */,
				3D4BBE192B3F73CD00E20C65 /* AppBaseUITests.xctest */,
			);
			name = Products;
			sourceTree = "<group>";
		};
		3D4BBE002B3F73CC00E20C65 /* AppBase */ = {
			isa = PBXGroup;
			children = (
				3D4BBE012B3F73CC00E20C65 /* AppBaseApp.swift */,
				3D4BBE032B3F73CC00E20C65 /* ContentView.swift */,
				3D4BBE052B3F73CD00E20C65 /* Assets.xcassets */,
				3D4BBE072B3F73CD00E20C65 /* AppBase.entitlements */,
				3D4BBE082B3F73CD00E20C65 /* Preview Content */,
			);
			path = AppBase;
			sourceTree = "<group>";
		};
		3D4BBE082B3F73CD00E20C65 /* Preview Content */ = {
			isa = PBXGroup;
			children = (
				3D4BBE092B3F73CD00E20C65 /* Preview Assets.xcassets */,
			);
			path = "Preview Content";
			sourceTree = "<group>";
		};
		3D4BBE122B3F73CD00E20C65 /* AppBaseTests */ = {
			isa = PBXGroup;
			children = (
				3D4BBE132B3F73CD00E20C65 /* AppBaseTests.swift */,
			);
			path = AppBaseTests;
			sourceTree = "<group>";
		};
		3D4BBE1C2B3F73CD00E20C65 /* AppBaseUITests */ = {
			isa = PBXGroup;
			children = (
				3D4BBE1D2B3F73CD00E20C65 /* AppBaseUITests.swift */,
				3D4BBE1F2B3F73CD00E20C65 /* AppBaseUITestsLaunchTests.swift */,
			);
			path = AppBaseUITests;
			sourceTree = "<group>";
		};
/* End PBXGroup section */

/* Begin PBXNativeTarget section */
		3D4BBDFD2B3F73CC00E20C65 /* AppBase */ = {
			isa = PBXNativeTarget;
			buildConfigurationList = 3D4BBE232B3F73CD00E20C65 /* Build configuration list for PBXNativeTarget "AppBase" */;
			buildPhases = (
				3D4BBDFA2B3F73CC00E20C65 /* Sources */,
				3D4BBDFB2B3F73CC00E20C65 /* Frameworks */,
				3D4BBDFC2B3F73CC00E20C65 /* Resources */,
			);
			buildRules = (
			);
			dependencies = (
			);
			name = AppBase;
			productName = AppBase;
			productReference = 3D4BBDFE2B3F73CC00E20C65 /* AppBase.app */;
			productType = "com.apple.product-type.application";
		};
		3D4BBE0E2B3F73CD00E20C65 /* AppBaseTests */ = {
			isa = PBXNativeTarget;
			buildConfigurationList = 3D4BBE262B3F73CD00E20C65 /* Build configuration list for PBXNativeTarget "AppBaseTests" */;
			buildPhases = (
				3D4BBE0B2B3F73CD00E20C65 /* Sources */,
				3D4BBE0C2B3F73CD00E20C65 /* Frameworks */,
				3D4BBE0D2B3F73CD00E20C65 /* Resources */,
			);
			buildRules = (
			);
			dependencies = (
				3D4BBE112B3F73CD00E20C65 /* PBXTargetDependency */,
			);
			name = AppBaseTests;
			productName = AppBaseTests;
			productReference = 3D4BBE0F2B3F73CD00E20C65 /* AppBaseTests.xctest */;
			productType = "com.apple.product-type.bundle.unit-test";
		};
		3D4BBE182B3F73CD00E20C65 /* AppBaseUITests */ = {
			isa = PBXNativeTarget;
			buildConfigurationList = 3D4BBE292B3F73CD00E20C65 /* Build configuration list for PBXNativeTarget "AppBaseUITests" */;
			buildPhases = (
				3D4BBE152B3F73CD00E20C65 /* Sources */,
				3D4BBE162B3F73CD00E20C65 /* Frameworks */,
				3D4BBE172B3F73CD00E20C65 /* Resources */,
			);
			buildRules = (
			);
			dependencies = (
				3D4BBE1B2B3F73CD00E20C65 /* PBXTargetDependency */,
			);
			name = AppBaseUITests;
			productName = AppBaseUITests;
			productReference = 3D4BBE192B3F73CD00E20C65 /* AppBaseUITests.xctest */;
			productType = "com.apple.product-type.bundle.ui-testing";
		};
/* End PBXNativeTarget section */

/* Begin PBXProject section */
		3D4BBDF62B3F73CC00E20C65 /* Project object */ = {
			isa = PBXProject;
			attributes = {
				BuildIndependentTargetsInParallel = 1;
				LastSwiftUpdateCheck = 1500;
				LastUpgradeCheck = 1500;
				TargetAttributes = {
					3D4BBDFD2B3F73CC00E20C65 = {
						CreatedOnToolsVersion = 15.0.1;
					};
					3D4BBE0E2B3F73CD00E20C65 = {
						CreatedOnToolsVersion = 15.0.1;
						TestTargetID = 3D4BBDFD2B3F73CC00E20C65;
					};
					3D4BBE182B3F73CD00E20C65 = {
						CreatedOnToolsVersion = 15.0.1;
						TestTargetID = 3D4BBDFD2B3F73CC00E20C65;
					};
				};
			};
			buildConfigurationList = 3D4BBDF92B3F73CC00E20C65 /* Build configuration list for PBXProject "AppBase" */;
			compatibilityVersion = "Xcode 14.0";
			developmentRegion = en;
			hasScannedForEncodings = 0;
			knownRegions = (
				en,
				Base,
			);
			mainGroup = 3D4BBDF52B3F73CC00E20C65;
			productRefGroup = 3D4BBDFF2B3F73CC00E20C65 /* Products */;
			projectDirPath = "";
			projectRoot = "";
			targets = (
				3D4BBDFD2B3F73CC00E20C65 /* AppBase */,
				3D4BBE0E2B3F73CD00E20C65 /* AppBaseTests */,
				3D4BBE182B3F73CD00E20C65 /* AppBaseUITests */,
			);
		};
/* End PBXProject section */

/* Begin PBXResourcesBuildPhase section */
		3D4BBDFC2B3F73CC00E20C65 /* Resources */ = {
			isa = PBXResourcesBuildPhase;
			buildActionMask = 2147483647;
			files = (
				3D4BBE0A2B3F73CD00E20C65 /* Preview Assets.xcassets in Resources */,
				3D4BBE062B3F73CD00E20C65 /* Assets.xcassets in Resources */,
			);
			runOnlyForDeploymentPostprocessing = 0;
		};
		3D4BBE0D2B3F73CD00E20C65 /* Resources */ = {
			isa = PBXResourcesBuildPhase;
			buildActionMask = 2147483647;
			files = (
			);
			runOnlyForDeploymentPostprocessing = 0;
		};
		3D4BBE172B3F73CD00E20C65 /* Resources */ = {
			isa = PBXResourcesBuildPhase;
			buildActionMask = 2147483647;
			files = (
			);
			runOnlyForDeploymentPostprocessing = 0;
		};
/* End PBXResourcesBuildPhase section */

/* Begin PBXSourcesBuildPhase section */
		3D4BBDFA2B3F73CC00E20C65 /* Sources */ = {
			isa = PBXSourcesBuildPhase;
			buildActionMask = 2147483647;
			files = (
				3D4BBE042B3F73CC00E20C65 /* ContentView.swift in Sources */,
				3D4BBE022B3F73CC00E20C65 /* AppBaseApp.swift in Sources */,
			);
			runOnlyForDeploymentPostprocessing = 0;
		};
		3D4BBE0B2B3F73CD00E20C65 /* Sources */ = {
			isa = PBXSourcesBuildPhase;
			buildActionMask = 2147483647;
			files = (
				3D4BBE142B3F73CD00E20C65 /* AppBaseTests.swift in Sources */,
			);
			runOnlyForDeploymentPostprocessing = 0;
		};
		3D4BBE152B3F73CD00E20C65 /* Sources */ = {
			isa = PBXSourcesBuildPhase;
			buildActionMask = 2147483647;
			files = (
				3D4BBE1E2B3F73CD00E20C65 /* AppBaseUITests.swift in Sources */,
				3D4BBE202B3F73CD00E20C65 /* AppBaseUITestsLaunchTests.swift in Sources */,
			);
			runOnlyForDeploymentPostprocessing = 0;
		};
/* End PBXSourcesBuildPhase section */

/* Begin PBXTargetDependency section */
		3D4BBE112B3F73CD00E20C65 /* PBXTargetDependency */ = {
			isa = PBXTargetDependency;
			target = 3D4BBDFD2B3F73CC00E20C65 /* AppBase */;
			targetProxy = 3D4BBE102B3F73CD00E20C65 /* PBXContainerItemProxy */;
		};
		3D4BBE1B2B3F73CD00E20C65 /* PBXTargetDependency */ = {
			isa = PBXTargetDependency;
			target = 3D4BBDFD2B3F73CC00E20C65 /* AppBase */;
			targetProxy = 3D4BBE1A2B3F73CD00E20C65 /* PBXContainerItemProxy */;
		};
/* End PBXTargetDependency section */

/* Begin XCBuildConfiguration section */
		3D4BBE212B3F73CD00E20C65 /* Debug */ = {
			isa = XCBuildConfiguration;
			buildSettings = {
				ALWAYS_SEARCH_USER_PATHS = NO;
				ASSETCATALOG_COMPILER_GENERATE_SWIFT_ASSET_SYMBOL_EXTENSIONS = YES;
				CLANG_ANALYZER_NONNULL = YES;
				CLANG_ANALYZER_NUMBER_OBJECT_CONVERSION = YES_AGGRESSIVE;
				CLANG_CXX_LANGUAGE_STANDARD = "gnu++20";
				CLANG_ENABLE_MODULES = YES;
				CLANG_ENABLE_OBJC_ARC = YES;
				CLANG_ENABLE_OBJC_WEAK = YES;
				CLANG_WARN_BLOCK_CAPTURE_AUTORELEASING = YES;
				CLANG_WARN_BOOL_CONVERSION = YES;
				CLANG_WARN_COMMA = YES;
				CLANG_WARN_CONSTANT_CONVERSION = YES;
				CLANG_WARN_DEPRECATED_OBJC_IMPLEMENTATIONS = YES;
				CLANG_WARN_DIRECT_OBJC_ISA_USAGE = YES_ERROR;
				CLANG_WARN_DOCUMENTATION_COMMENTS = YES;
				CLANG_WARN_EMPTY_BODY = YES;
				CLANG_WARN_ENUM_CONVERSION = YES;
				CLANG_WARN_INFINITE_RECURSION = YES;
				CLANG_WARN_INT_CONVERSION = YES;
				CLANG_WARN_NON_LITERAL_NULL_CONVERSION = YES;
				CLANG_WARN_OBJC_IMPLICIT_RETAIN_SELF = YES;
				CLANG_WARN_OBJC_LITERAL_CONVERSION = YES;
				CLANG_WARN_OBJC_ROOT_CLASS = YES_ERROR;
				CLANG_WARN_QUOTED_INCLUDE_IN_FRAMEWORK_HEADER = YES;
				CLANG_WARN_RANGE_LOOP_ANALYSIS = YES;
				CLANG_WARN_STRICT_PROTOTYPES = YES;
				CLANG_WARN_SUSPICIOUS_MOVE = YES;
				CLANG_WARN_UNGUARDED_AVAILABILITY = YES_AGGRESSIVE;
				CLANG_WARN_UNREACHABLE_CODE = YES;
				CLANG_WARN__DUPLICATE_METHOD_MATCH = YES;
				COPY_PHASE_STRIP = NO;
				DEBUG_INFORMATION_FORMAT = dwarf;
				ENABLE_STRICT_OBJC_MSGSEND = YES;
				ENABLE_TESTABILITY = YES;
				ENABLE_USER_SCRIPT_SANDBOXING = YES;
				GCC_C_LANGUAGE_STANDARD = gnu17;
				GCC_DYNAMIC_NO_PIC = NO;
				GCC_NO_COMMON_BLOCKS = YES;
				GCC_OPTIMIZATION_LEVEL = 0;
				GCC_PREPROCESSOR_DEFINITIONS = (
					"DEBUG=1",
					"$(inherited)",
				);
				GCC_WARN_64_TO_32_BIT_CONVERSION = YES;
				GCC_WARN_ABOUT_RETURN_TYPE = YES_ERROR;
				GCC_WARN_UNDECLARED_SELECTOR = YES;
				GCC_WARN_UNINITIALIZED_AUTOS = YES_AGGRESSIVE;
				GCC_WARN_UNUSED_FUNCTION = YES;
				GCC_WARN_UNUSED_VARIABLE = YES;
				LOCALIZATION_PREFERS_STRING_CATALOGS = YES;
				MTL_ENABLE_DEBUG_INFO = INCLUDE_SOURCE;
				MTL_FAST_MATH = YES;
				ONLY_ACTIVE_ARCH = YES;
				SWIFT_ACTIVE_COMPILATION_CONDITIONS = "DEBUG $(inherited)";
				SWIFT_OPTIMIZATION_LEVEL = "-Onone";
			};
			name = Debug;
		};
		3D4BBE222B3F73CD00E20C65 /* Release */ = {
			isa = XCBuildConfiguration;
			buildSettings = {
				ALWAYS_SEARCH_USER_PATHS = NO;
				ASSETCATALOG_COMPILER_GENERATE_SWIFT_ASSET_SYMBOL_EXTENSIONS = YES;
				CLANG_ANALYZER_NONNULL = YES;
				CLANG_ANALYZER_NUMBER_OBJECT_CONVERSION = YES_AGGRESSIVE;
				CLANG_CXX_LANGUAGE_STANDARD = "gnu++20";
				CLANG_ENABLE_MODULES = YES;
				CLANG_ENABLE_OBJC_ARC = YES;
				CLANG_ENABLE_OBJC_WEAK = YES;
				CLANG_WARN_BLOCK_CAPTURE_AUTORELEASING = YES;
				CLANG_WARN_BOOL_CONVERSION = YES;
				CLANG_WARN_COMMA = YES;
				CLANG_WARN_CONSTANT_CONVERSION = YES;
				CLANG_WARN_DEPRECATED_OBJC_IMPLEMENTATIONS = YES;
				CLANG_WARN_DIRECT_OBJC_ISA_USAGE = YES_ERROR;
				CLANG_WARN_DOCUMENTATION_COMMENTS = YES;
				CLANG_WARN_EMPTY_BODY = YES;
				CLANG_WARN_ENUM_CONVERSION = YES;
				CLANG_WARN_INFINITE_RECURSION = YES;
				CLANG_WARN_INT_CONVERSION = YES;
				CLANG_WARN_NON_LITERAL_NULL_CONVERSION = YES;
				CLANG_WARN_OBJC_IMPLICIT_RETAIN_SELF = YES;
				CLANG_WARN_OBJC_LITERAL_CONVERSION = YES;
				CLANG_WARN_OBJC_ROOT_CLASS = YES_ERROR;
				CLANG_WARN_QUOTED_INCLUDE_IN_FRAMEWORK_HEADER = YES;
				CLANG_WARN_RANGE_LOOP_ANALYSIS = YES;
				CLANG_WARN_STRICT_PROTOTYPES = YES;
				CLANG_WARN_SUSPICIOUS_MOVE = YES;
				CLANG_WARN_UNGUARDED_AVAILABILITY = YES_AGGRESSIVE;
				CLANG_WARN_UNREACHABLE_CODE = YES;
				CLANG_WARN__DUPLICATE_METHOD_MATCH = YES;
				COPY_PHASE_STRIP = NO;
				DEBUG_INFORMATION_FORMAT = "dwarf-with-dsym";
				ENABLE_NS_ASSERTIONS = NO;
				ENABLE_STRICT_OBJC_MSGSEND = YES;
				ENABLE_USER_SCRIPT_SANDBOXING = YES;
				GCC_C_LANGUAGE_STANDARD = gnu17;
				GCC_NO_COMMON_BLOCKS = YES;
				GCC_WARN_64_TO_32_BIT_CONVERSION = YES;
				GCC_WARN_ABOUT_RETURN_TYPE = YES_ERROR;
				GCC_WARN_UNDECLARED_SELECTOR = YES;
				GCC_WARN_UNINITIALIZED_AUTOS = YES_AGGRESSIVE;
				GCC_WARN_UNUSED_FUNCTION = YES;
				GCC_WARN_UNUSED_VARIABLE = YES;
				LOCALIZATION_PREFERS_STRING_CATALOGS = YES;
				MTL_ENABLE_DEBUG_INFO = NO;
				MTL_FAST_MATH = YES;
				SWIFT_COMPILATION_MODE = wholemodule;
			};
			name = Release;
		};
		3D4BBE242B3F73CD00E20C65 /* Debug */ = {
			isa = XCBuildConfiguration;
			buildSettings = {
				ASSETCATALOG_COMPILER_APPICON_NAME = AppIcon;
				ASSETCATALOG_COMPILER_GLOBAL_ACCENT_COLOR_NAME = AccentColor;
				CODE_SIGN_ENTITLEMENTS = AppBase/AppBase.entitlements;
				CODE_SIGN_STYLE = Automatic;
				CURRENT_PROJECT_VERSION = 1;
				DEVELOPMENT_ASSET_PATHS = "\"AppBase/Preview Content\"";
				DEVELOPMENT_TEAM = G5JFC849XY;
				ENABLE_HARDENED_RUNTIME = YES;
				ENABLE_PREVIEWS = YES;
				GENERATE_INFOPLIST_FILE = YES;
				"INFOPLIST_KEY_UIApplicationSceneManifest_Generation[sdk=iphoneos*]" = YES;
				"INFOPLIST_KEY_UIApplicationSceneManifest_Generation[sdk=iphonesimulator*]" = YES;
				"INFOPLIST_KEY_UIApplicationSupportsIndirectInputEvents[sdk=iphoneos*]" = YES;
				"INFOPLIST_KEY_UIApplicationSupportsIndirectInputEvents[sdk=iphonesimulator*]" = YES;
				"INFOPLIST_KEY_UILaunchScreen_Generation[sdk=iphoneos*]" = YES;
				"INFOPLIST_KEY_UILaunchScreen_Generation[sdk=iphonesimulator*]" = YES;
				"INFOPLIST_KEY_UIStatusBarStyle[sdk=iphoneos*]" = UIStatusBarStyleDefault;
				"INFOPLIST_KEY_UIStatusBarStyle[sdk=iphonesimulator*]" = UIStatusBarStyleDefault;
				INFOPLIST_KEY_UISupportedInterfaceOrientations_iPad = "UIInterfaceOrientationPortrait UIInterfaceOrientationPortraitUpsideDown UIInterfaceOrientationLandscapeLeft UIInterfaceOrientationLandscapeRight";
				INFOPLIST_KEY_UISupportedInterfaceOrientations_iPhone = "UIInterfaceOrientationPortrait UIInterfaceOrientationLandscapeLeft UIInterfaceOrientationLandscapeRight";
				IPHONEOS_DEPLOYMENT_TARGET = 17.0;
				LD_RUNPATH_SEARCH_PATHS = "@executable_path/Frameworks";
				"LD_RUNPATH_SEARCH_PATHS[sdk=macosx*]" = "@executable_path/../Frameworks";
				MACOSX_DEPLOYMENT_TARGET = 14.0;
				MARKETING_VERSION = 1.0;
				PRODUCT_BUNDLE_IDENTIFIER = com.raemond.AppBase;
				PRODUCT_NAME = "$(TARGET_NAME)";
				SDKROOT = auto;
				SUPPORTED_PLATFORMS = "iphoneos iphonesimulator macosx";
				SWIFT_EMIT_LOC_STRINGS = YES;
				SWIFT_VERSION = 5.0;
				TARGETED_DEVICE_FAMILY = "1,2";
			};
			name = Debug;
		};
		3D4BBE252B3F73CD00E20C65 /* Release */ = {
			isa = XCBuildConfiguration;
			buildSettings = {
				ASSETCATALOG_COMPILER_APPICON_NAME = AppIcon;
				ASSETCATALOG_COMPILER_GLOBAL_ACCENT_COLOR_NAME = AccentColor;
				CODE_SIGN_ENTITLEMENTS = AppBase/AppBase.entitlements;
				CODE_SIGN_STYLE = Automatic;
				CURRENT_PROJECT_VERSION = 1;
				DEVELOPMENT_ASSET_PATHS = "\"AppBase/Preview Content\"";
				DEVELOPMENT_TEAM = G5JFC849XY;
				ENABLE_HARDENED_RUNTIME = YES;
				ENABLE_PREVIEWS = YES;
				GENERATE_INFOPLIST_FILE = YES;
				"INFOPLIST_KEY_UIApplicationSceneManifest_Generation[sdk=iphoneos*]" = YES;
				"INFOPLIST_KEY_UIApplicationSceneManifest_Generation[sdk=iphonesimulator*]" = YES;
				"INFOPLIST_KEY_UIApplicationSupportsIndirectInputEvents[sdk=iphoneos*]" = YES;
				"INFOPLIST_KEY_UIApplicationSupportsIndirectInputEvents[sdk=iphonesimulator*]" = YES;
				"INFOPLIST_KEY_UILaunchScreen_Generation[sdk=iphoneos*]" = YES;
				"INFOPLIST_KEY_UILaunchScreen_Generation[sdk=iphonesimulator*]" = YES;
				"INFOPLIST_KEY_UIStatusBarStyle[sdk=iphoneos*]" = UIStatusBarStyleDefault;
				"INFOPLIST_KEY_UIStatusBarStyle[sdk=iphonesimulator*]" = UIStatusBarStyleDefault;
				INFOPLIST_KEY_UISupportedInterfaceOrientations_iPad = "UIInterfaceOrientationPortrait UIInterfaceOrientationPortraitUpsideDown UIInterfaceOrientationLandscapeLeft UIInterfaceOrientationLandscapeRight";
				INFOPLIST_KEY_UISupportedInterfaceOrientations_iPhone = "UIInterfaceOrientationPortrait UIInterfaceOrientationLandscapeLeft UIInterfaceOrientationLandscapeRight";
				IPHONEOS_DEPLOYMENT_TARGET = 17.0;
				LD_RUNPATH_SEARCH_PATHS = "@executable_path/Frameworks";
				"LD_RUNPATH_SEARCH_PATHS[sdk=macosx*]" = "@executable_path/../Frameworks";
				MACOSX_DEPLOYMENT_TARGET = 14.0;
				MARKETING_VERSION = 1.0;
				PRODUCT_BUNDLE_IDENTIFIER = com.raemond.AppBase;
				PRODUCT_NAME = "$(TARGET_NAME)";
				SDKROOT = auto;
				SUPPORTED_PLATFORMS = "iphoneos iphonesimulator macosx";
				SWIFT_EMIT_LOC_STRINGS = YES;
				SWIFT_VERSION = 5.0;
				TARGETED_DEVICE_FAMILY = "1,2";
			};
			name = Release;
		};
		3D4BBE272B3F73CD00E20C65 /* Debug */ = {
			isa = XCBuildConfiguration;
			buildSettings = {
				ALWAYS_EMBED_SWIFT_STANDARD_LIBRARIES = YES;
				BUNDLE_LOADER = "$(TEST_HOST)";
				CODE_SIGN_STYLE = Automatic;
				CURRENT_PROJECT_VERSION = 1;
				DEVELOPMENT_TEAM = G5JFC849XY;
				GENERATE_INFOPLIST_FILE = YES;
				IPHONEOS_DEPLOYMENT_TARGET = 17.0;
				MACOSX_DEPLOYMENT_TARGET = 14.0;
				MARKETING_VERSION = 1.0;
				PRODUCT_BUNDLE_IDENTIFIER = com.raemond.AppBaseTests;
				PRODUCT_NAME = "$(TARGET_NAME)";
				SDKROOT = auto;
				SUPPORTED_PLATFORMS = "iphoneos iphonesimulator macosx";
				SWIFT_EMIT_LOC_STRINGS = NO;
				SWIFT_VERSION = 5.0;
				TARGETED_DEVICE_FAMILY = "1,2";
				TEST_HOST = "$(BUILT_PRODUCTS_DIR)/AppBase.app/$(BUNDLE_EXECUTABLE_FOLDER_PATH)/AppBase";
			};
			name = Debug;
		};
		3D4BBE282B3F73CD00E20C65 /* Release */ = {
			isa = XCBuildConfiguration;
			buildSettings = {
				ALWAYS_EMBED_SWIFT_STANDARD_LIBRARIES = YES;
				BUNDLE_LOADER = "$(TEST_HOST)";
				CODE_SIGN_STYLE = Automatic;
				CURRENT_PROJECT_VERSION = 1;
				DEVELOPMENT_TEAM = G5JFC849XY;
				GENERATE_INFOPLIST_FILE = YES;
				IPHONEOS_DEPLOYMENT_TARGET = 17.0;
				MACOSX_DEPLOYMENT_TARGET = 14.0;
				MARKETING_VERSION = 1.0;
				PRODUCT_BUNDLE_IDENTIFIER = com.raemond.AppBaseTests;
				PRODUCT_NAME = "$(TARGET_NAME)";
				SDKROOT = auto;
				SUPPORTED_PLATFORMS = "iphoneos iphonesimulator macosx";
				SWIFT_EMIT_LOC_STRINGS = NO;
				SWIFT_VERSION = 5.0;
				TARGETED_DEVICE_FAMILY = "1,2";
				TEST_HOST = "$(BUILT_PRODUCTS_DIR)/AppBase.app/$(BUNDLE_EXECUTABLE_FOLDER_PATH)/AppBase";
			};
			name = Release;
		};
		3D4BBE2A2B3F73CD00E20C65 /* Debug */ = {
			isa = XCBuildConfiguration;
			buildSettings = {
				ALWAYS_EMBED_SWIFT_STANDARD_LIBRARIES = YES;
				CODE_SIGN_STYLE = Automatic;
				CURRENT_PROJECT_VERSION = 1;
				DEVELOPMENT_TEAM = G5JFC849XY;
				GENERATE_INFOPLIST_FILE = YES;
				IPHONEOS_DEPLOYMENT_TARGET = 17.0;
				MACOSX_DEPLOYMENT_TARGET = 14.0;
				MARKETING_VERSION = 1.0;
				PRODUCT_BUNDLE_IDENTIFIER = com.raemond.AppBaseUITests;
				PRODUCT_NAME = "$(TARGET_NAME)";
				SDKROOT = auto;
				SUPPORTED_PLATFORMS = "iphoneos iphonesimulator macosx";
				SWIFT_EMIT_LOC_STRINGS = NO;
				SWIFT_VERSION = 5.0;
				TARGETED_DEVICE_FAMILY = "1,2";
				TEST_TARGET_NAME = AppBase;
			};
			name = Debug;
		};
		3D4BBE2B2B3F73CD00E20C65 /* Release */ = {
			isa = XCBuildConfiguration;
			buildSettings = {
				ALWAYS_EMBED_SWIFT_STANDARD_LIBRARIES = YES;
				CODE_SIGN_STYLE = Automatic;
				CURRENT_PROJECT_VERSION = 1;
				DEVELOPMENT_TEAM = G5JFC849XY;
				GENERATE_INFOPLIST_FILE = YES;
				IPHONEOS_DEPLOYMENT_TARGET = 17.0;
				MACOSX_DEPLOYMENT_TARGET = 14.0;
				MARKETING_VERSION = 1.0;
				PRODUCT_BUNDLE_IDENTIFIER = com.raemond.AppBaseUITests;
				PRODUCT_NAME = "$(TARGET_NAME)";
				SDKROOT = auto;
				SUPPORTED_PLATFORMS = "iphoneos iphonesimulator macosx";
				SWIFT_EMIT_LOC_STRINGS = NO;
				SWIFT_VERSION = 5.0;
				TARGETED_DEVICE_FAMILY = "1,2";
				TEST_TARGET_NAME = AppBase;
			};
			name = Release;
		};
/* End XCBuildConfiguration section */

/* Begin XCConfigurationList section */
		3D4BBDF92B3F73CC00E20C65 /* Build configuration list for PBXProject "AppBase" */ = {
			isa = XCConfigurationList;
			buildConfigurations = (
				3D4BBE212B3F73CD00E20C65 /* Debug */,
				3D4BBE222B3F73CD00E20C65 /* Release */,
			);
			defaultConfigurationIsVisible = 0;
			defaultConfigurationName = Release;
		};
		3D4BBE232B3F73CD00E20C65 /* Build configuration list for PBXNativeTarget "AppBase" */ = {
			isa = XCConfigurationList;
			buildConfigurations = (
				3D4BBE242B3F73CD00E20C65 /* Debug */,
				3D4BBE252B3F73CD00E20C65 /* Release */,
			);
			defaultConfigurationIsVisible = 0;
			defaultConfigurationName = Release;
		};
		3D4BBE262B3F73CD00E20C65 /* Build configuration list for PBXNativeTarget "AppBaseTests" */ = {
			isa = XCConfigurationList;
			buildConfigurations = (
				3D4BBE272B3F73CD00E20C65 /* Debug */,
				3D4BBE282B3F73CD00E20C65 /* Release */,
			);
			defaultConfigurationIsVisible = 0;
			defaultConfigurationName = Release;
		};
		3D4BBE292B3F73CD00E20C65 /* Build configuration list for PBXNativeTarget "AppBaseUITests" */ = {
			isa = XCConfigurationList;
			buildConfigurations = (
				3D4BBE2A2B3F73CD00E20C65 /* Debug */,
				3D4BBE2B2B3F73CD00E20C65 /* Release */,
			);
			defaultConfigurationIsVisible = 0;
			defaultConfigurationName = Release;
		};
/* End XCConfigurationList section */
	};
	rootObject = 3D4BBDF62B3F73CC00E20C65 /* Project object */;
}
